
Microsoft Visual Studio Solution File, Format Version 12.00
# Visual Studio Version 17
VisualStudioVersion = 17.5.33516.290
MinimumVisualStudioVersion = 10.0.40219.1
Project("{9A19103F-16F7-4668-BE54-9A1E7A4F7556}") = "BulkyBook.DataAccess", "BulkyBook.DataAccess\BulkyBook.DataAccess.csproj", "{DDA844D0-1D37-4BE1-8FDA-83197EE3AE4A}"
EndProject
Project("{9A19103F-16F7-4668-BE54-9A1E7A4F7556}") = "BulkyBook.Utility", "BulkyBook.Utility\BulkyBook.Utility.csproj", "{F4D59A7D-1CD9-4CD1-952E-131869D655D8}"
EndProject
Project("{9A19103F-16F7-4668-BE54-9A1E7A4F7556}") = "BulkyBook.Models", "BulkyBook.Models\BulkyBook.Models.csproj", "{FE55948C-ED75-4E93-92E9-6819D2302747}"
EndProject
Project("{9A19103F-16F7-4668-BE54-9A1E7A4F7556}") = "BulkyBookWeb", "BulkyBookWeb\BulkyBookWeb.csproj", "{B53E90CF-FCB2-4897-B333-94882DABA2FD}"
EndProject
Global
	GlobalSection(SolutionConfigurationPlatforms) = preSolution
		Debug|Any CPU = Debug|Any CPU
		Release|Any CPU = Release|Any CPU
	EndGlobalSection
	GlobalSection(ProjectConfigurationPlatforms) = postSolution
		{DDA844D0-1D37-4BE1-8FDA-83197EE3AE4A}.Debug|Any CPU.ActiveCfg = Debug|Any CPU
		{DDA844D0-1D37-4BE1-8FDA-83197EE3AE4A}.Debug|Any CPU.Build.0 = Debug|Any CPU
		{DDA844D0-1D37-4BE1-8FDA-83197EE3AE4A}.Release|Any CPU.ActiveCfg = Release|Any CPU
		{DDA844D0-1D37-4BE1-8FDA-83197EE3AE4A}.Release|Any CPU.Build.0 = Release|Any CPU
		{F4D59A7D-1CD9-4CD1-952E-131869D655D8}.Debug|Any CPU.ActiveCfg = Debug|Any CPU
		{F4D59A7D-1CD9-4CD1-952E-131869D655D8}.Debug|Any CPU.Build.0 = Debug|Any CPU
		{F4D59A7D-1CD9-4CD1-952E-131869D655D8}.Release|Any CPU.ActiveCfg = Release|Any CPU
		{F4D59A7D-1CD9-4CD1-952E-131869D655D8}.Release|Any CPU.Build.0 = Release|Any CPU
		{FE55948C-ED75-4E93-92E9-6819D2302747}.Debug|Any CPU.ActiveCfg = Debug|Any CPU
		{FE55948C-ED75-4E93-92E9-6819D2302747}.Debug|Any CPU.Build.0 = Debug|Any CPU
		{FE55948C-ED75-4E93-92E9-6819D2302747}.Release|Any CPU.ActiveCfg = Release|Any CPU
		{FE55948C-ED75-4E93-92E9-6819D2302747}.Release|Any CPU.Build.0 = Release|Any CPU
		{B53E90CF-FCB2-4897-B333-94882DABA2FD}.Debug|Any CPU.ActiveCfg = Debug|Any CPU
		{B53E90CF-FCB2-4897-B333-94882DABA2FD}.Debug|Any CPU.Build.0 = Debug|Any CPU
		{B53E90CF-FCB2-4897-B333-94882DABA2FD}.Release|Any CPU.ActiveCfg = Release|Any CPU
		{B53E90CF-FCB2-4897-B333-94882DABA2FD}.Release|Any CPU.Build.0 = Release|Any CPU
	EndGlobalSection
	GlobalSection(SolutionProperties) = preSolution
		HideSolutionNode = FALSE
	EndGlobalSection
	GlobalSection(ExtensibilityGlobals) = postSolution
		SolutionGuid = {7D9D47B4-A3F2-4670-A776-BE68133F8396}
	EndGlobalSection
EndGlobal
